// !$*UTF8*$!
{
	archiveVersion = 1;
	classes = {
	};
	objectVersion = 50;
	objects = {

/* Begin PBXBuildFile section */
		5458F25020FE1C0B0018B0F9 /* AppDelegate.swift in Sources */ = {isa = PBXBuildFile; fileRef = 5458F24F20FE1C0B0018B0F9 /* AppDelegate.swift */; };
		5458F25720FE1C0D0018B0F9 /* Assets.xcassets in Resources */ = {isa = PBXBuildFile; fileRef = 5458F25620FE1C0D0018B0F9 /* Assets.xcassets */; };
		5458F25A20FE1C0D0018B0F9 /* LaunchScreen.storyboard in Resources */ = {isa = PBXBuildFile; fileRef = 5458F25820FE1C0D0018B0F9 /* LaunchScreen.storyboard */; };
		54D242C320FE3FE600EB132B /* ICBMainViewController.swift in Sources */ = {isa = PBXBuildFile; fileRef = 54D242C220FE3FE600EB132B /* ICBMainViewController.swift */; };
		54D242C520FE401300EB132B /* ICBMainViewController.xib in Resources */ = {isa = PBXBuildFile; fileRef = 54D242C420FE401300EB132B /* ICBMainViewController.xib */; };
		54D242CB20FE651800EB132B /* ICBDesignConstantsFile.swift in Sources */ = {isa = PBXBuildFile; fileRef = 54D242CA20FE651800EB132B /* ICBDesignConstantsFile.swift */; };
		54D242D220FE791200EB132B /* ComingSoon.ttf in Resources */ = {isa = PBXBuildFile; fileRef = 54D242D120FE790200EB132B /* ComingSoon.ttf */; };
		54D242DD20FF6E1E00EB132B /* ICBSingleComicView.swift in Sources */ = {isa = PBXBuildFile; fileRef = 54D242DC20FF6E1E00EB132B /* ICBSingleComicView.swift */; };
		54D242E120FF6F0900EB132B /* UIImageViewExtensions.swift in Sources */ = {isa = PBXBuildFile; fileRef = 54D242E020FF6F0900EB132B /* UIImageViewExtensions.swift */; };
/* End PBXBuildFile section */

/* Begin PBXFileReference section */
		5458F24C20FE1C0B0018B0F9 /* iComicBooks.app */ = {isa = PBXFileReference; explicitFileType = wrapper.application; includeInIndex = 0; path = iComicBooks.app; sourceTree = BUILT_PRODUCTS_DIR; };
		5458F24F20FE1C0B0018B0F9 /* AppDelegate.swift */ = {isa = PBXFileReference; lastKnownFileType = sourcecode.swift; path = AppDelegate.swift; sourceTree = "<group>"; };
		5458F25620FE1C0D0018B0F9 /* Assets.xcassets */ = {isa = PBXFileReference; lastKnownFileType = folder.assetcatalog; path = Assets.xcassets; sourceTree = "<group>"; };
		5458F25920FE1C0D0018B0F9 /* Base */ = {isa = PBXFileReference; lastKnownFileType = file.storyboard; name = Base; path = Base.lproj/LaunchScreen.storyboard; sourceTree = "<group>"; };
		5458F25B20FE1C0D0018B0F9 /* Info.plist */ = {isa = PBXFileReference; lastKnownFileType = text.plist.xml; path = Info.plist; sourceTree = "<group>"; };
		54D242C220FE3FE600EB132B /* ICBMainViewController.swift */ = {isa = PBXFileReference; lastKnownFileType = sourcecode.swift; path = ICBMainViewController.swift; sourceTree = "<group>"; };
		54D242C420FE401300EB132B /* ICBMainViewController.xib */ = {isa = PBXFileReference; lastKnownFileType = file.xib; path = ICBMainViewController.xib; sourceTree = "<group>"; };
		54D242CA20FE651800EB132B /* ICBDesignConstantsFile.swift */ = {isa = PBXFileReference; lastKnownFileType = sourcecode.swift; path = ICBDesignConstantsFile.swift; sourceTree = "<group>"; };
		54D242D120FE790200EB132B /* ComingSoon.ttf */ = {isa = PBXFileReference; lastKnownFileType = file; path = ComingSoon.ttf; sourceTree = "<group>"; };
		54D242DC20FF6E1E00EB132B /* ICBSingleComicView.swift */ = {isa = PBXFileReference; lastKnownFileType = sourcecode.swift; path = ICBSingleComicView.swift; sourceTree = "<group>"; };
		54D242E020FF6F0900EB132B /* UIImageViewExtensions.swift */ = {isa = PBXFileReference; lastKnownFileType = sourcecode.swift; path = UIImageViewExtensions.swift; sourceTree = "<group>"; };
/* End PBXFileReference section */

/* Begin PBXFrameworksBuildPhase section */
		5458F24920FE1C0B0018B0F9 /* Frameworks */ = {
			isa = PBXFrameworksBuildPhase;
			buildActionMask = 2147483647;
			files = (
			);
			runOnlyForDeploymentPostprocessing = 0;
		};
/* End PBXFrameworksBuildPhase section */

/* Begin PBXGroup section */
		5458F24320FE1C0B0018B0F9 = {
			isa = PBXGroup;
			children = (
				5458F24E20FE1C0B0018B0F9 /* iComicBooks */,
				5458F24D20FE1C0B0018B0F9 /* Products */,
			);
			sourceTree = "<group>";
		};
		5458F24D20FE1C0B0018B0F9 /* Products */ = {
			isa = PBXGroup;
			children = (
				5458F24C20FE1C0B0018B0F9 /* iComicBooks.app */,
			);
			name = Products;
			sourceTree = "<group>";
		};
		5458F24E20FE1C0B0018B0F9 /* iComicBooks */ = {
			isa = PBXGroup;
			children = (
				54D242DE20FF6E4600EB132B /* Extensions */,
				54D242C920FE63F500EB132B /* Utils */,
				54D242C620FE4ED600EB132B /* Controllers */,
				54D242C720FE639C00EB132B /* Resources */,
				54D242C820FE63C400EB132B /* Supporting Files */,
			);
			path = iComicBooks;
			sourceTree = "<group>";
		};
		54D242C020FE3F8100EB132B /* ICBMainViewController */ = {
			isa = PBXGroup;
			children = (
				54D242C220FE3FE600EB132B /* ICBMainViewController.swift */,
				54D242C420FE401300EB132B /* ICBMainViewController.xib */,
				54D242DB20FF6DEF00EB132B /* ICBSingleComicView */,
			);
			path = ICBMainViewController;
			sourceTree = "<group>";
		};
		54D242C620FE4ED600EB132B /* Controllers */ = {
			isa = PBXGroup;
			children = (
				54D242C020FE3F8100EB132B /* ICBMainViewController */,
			);
			path = Controllers;
			sourceTree = "<group>";
		};
		54D242C720FE639C00EB132B /* Resources */ = {
			isa = PBXGroup;
			children = (
				54D242CE20FE777800EB132B /* Fonts */,
				5458F24F20FE1C0B0018B0F9 /* AppDelegate.swift */,
				5458F25620FE1C0D0018B0F9 /* Assets.xcassets */,
				5458F25820FE1C0D0018B0F9 /* LaunchScreen.storyboard */,
			);
			path = Resources;
			sourceTree = "<group>";
		};
		54D242C820FE63C400EB132B /* Supporting Files */ = {
			isa = PBXGroup;
			children = (
				5458F25B20FE1C0D0018B0F9 /* Info.plist */,
			);
			path = "Supporting Files";
			sourceTree = "<group>";
		};
		54D242C920FE63F500EB132B /* Utils */ = {
			isa = PBXGroup;
			children = (
				54D242CA20FE651800EB132B /* ICBDesignConstantsFile.swift */,
			);
			path = Utils;
			sourceTree = "<group>";
		};
		54D242CE20FE777800EB132B /* Fonts */ = {
			isa = PBXGroup;
			children = (
				54D242D120FE790200EB132B /* ComingSoon.ttf */,
			);
			path = Fonts;
			sourceTree = "<group>";
		};
		54D242DB20FF6DEF00EB132B /* ICBSingleComicView */ = {
			isa = PBXGroup;
			children = (
				54D242DC20FF6E1E00EB132B /* ICBSingleComicView.swift */,
			);
			path = ICBSingleComicView;
			sourceTree = "<group>";
		};
		54D242DE20FF6E4600EB132B /* Extensions */ = {
			isa = PBXGroup;
			children = (
				54D242DF20FF6E4E00EB132B /* UIImageViewExtensions */,
			);
			path = Extensions;
			sourceTree = "<group>";
		};
		54D242DF20FF6E4E00EB132B /* UIImageViewExtensions */ = {
			isa = PBXGroup;
			children = (
				54D242E020FF6F0900EB132B /* UIImageViewExtensions.swift */,
			);
			path = UIImageViewExtensions;
			sourceTree = "<group>";
		};
/* End PBXGroup section */

/* Begin PBXNativeTarget section */
		5458F24B20FE1C0B0018B0F9 /* iComicBooks */ = {
			isa = PBXNativeTarget;
			buildConfigurationList = 5458F25E20FE1C0D0018B0F9 /* Build configuration list for PBXNativeTarget "iComicBooks" */;
			buildPhases = (
				5458F24820FE1C0B0018B0F9 /* Sources */,
				5458F24920FE1C0B0018B0F9 /* Frameworks */,
				5458F24A20FE1C0B0018B0F9 /* Resources */,
			);
			buildRules = (
			);
			dependencies = (
			);
			name = iComicBooks;
			productName = iComicBooks;
			productReference = 5458F24C20FE1C0B0018B0F9 /* iComicBooks.app */;
			productType = "com.apple.product-type.application";
		};
/* End PBXNativeTarget section */

/* Begin PBXProject section */
		5458F24420FE1C0B0018B0F9 /* Project object */ = {
			isa = PBXProject;
			attributes = {
				LastSwiftUpdateCheck = 0940;
				LastUpgradeCheck = 0940;
				ORGANIZATIONNAME = "Sviridova Evgenia";
				TargetAttributes = {
					5458F24B20FE1C0B0018B0F9 = {
						CreatedOnToolsVersion = 9.4;
					};
				};
			};
			buildConfigurationList = 5458F24720FE1C0B0018B0F9 /* Build configuration list for PBXProject "iComicBooks" */;
			compatibilityVersion = "Xcode 9.3";
			developmentRegion = en;
			hasScannedForEncodings = 0;
			knownRegions = (
				en,
				Base,
			);
			mainGroup = 5458F24320FE1C0B0018B0F9;
			productRefGroup = 5458F24D20FE1C0B0018B0F9 /* Products */;
			projectDirPath = "";
			projectRoot = "";
			targets = (
				5458F24B20FE1C0B0018B0F9 /* iComicBooks */,
			);
		};
/* End PBXProject section */

/* Begin PBXResourcesBuildPhase section */
		5458F24A20FE1C0B0018B0F9 /* Resources */ = {
			isa = PBXResourcesBuildPhase;
			buildActionMask = 2147483647;
			files = (
				54D242C520FE401300EB132B /* ICBMainViewController.xib in Resources */,
				5458F25A20FE1C0D0018B0F9 /* LaunchScreen.storyboard in Resources */,
				54D242D220FE791200EB132B /* ComingSoon.ttf in Resources */,
				5458F25720FE1C0D0018B0F9 /* Assets.xcassets in Resources */,
			);
			runOnlyForDeploymentPostprocessing = 0;
		};
/* End PBXResourcesBuildPhase section */

/* Begin PBXSourcesBuildPhase section */
		5458F24820FE1C0B0018B0F9 /* Sources */ = {
			isa = PBXSourcesBuildPhase;
			buildActionMask = 2147483647;
			files = (
				54D242CB20FE651800EB132B /* ICBDesignConstantsFile.swift in Sources */,
				54D242DD20FF6E1E00EB132B /* ICBSingleComicView.swift in Sources */,
				54D242C320FE3FE600EB132B /* ICBMainViewController.swift in Sources */,
				5458F25020FE1C0B0018B0F9 /* AppDelegate.swift in Sources */,
				54D242E120FF6F0900EB132B /* UIImageViewExtensions.swift in Sources */,
			);
			runOnlyForDeploymentPostprocessing = 0;
		};
/* End PBXSourcesBuildPhase section */

/* Begin PBXVariantGroup section */
		5458F25820FE1C0D0018B0F9 /* LaunchScreen.storyboard */ = {
			isa = PBXVariantGroup;
			children = (
				5458F25920FE1C0D0018B0F9 /* Base */,
			);
			name = LaunchScreen.storyboard;
			sourceTree = "<group>";
		};
/* End PBXVariantGroup section */

/* Begin XCBuildConfiguration section */
		5458F25C20FE1C0D0018B0F9 /* Debug */ = {
			isa = XCBuildConfiguration;
			buildSettings = {
				ALWAYS_SEARCH_USER_PATHS = NO;
				CLANG_ANALYZER_NONNULL = YES;
				CLANG_ANALYZER_NUMBER_OBJECT_CONVERSION = YES_AGGRESSIVE;
				CLANG_CXX_LANGUAGE_STANDARD = "gnu++14";
				CLANG_CXX_LIBRARY = "libc++";
				CLANG_ENABLE_MODULES = YES;
				CLANG_ENABLE_OBJC_ARC = YES;
				CLANG_ENABLE_OBJC_WEAK = YES;
				CLANG_WARN_BLOCK_CAPTURE_AUTORELEASING = YES;
				CLANG_WARN_BOOL_CONVERSION = YES;
				CLANG_WARN_COMMA = YES;
				CLANG_WARN_CONSTANT_CONVERSION = YES;
				CLANG_WARN_DEPRECATED_OBJC_IMPLEMENTATIONS = YES;
				CLANG_WARN_DIRECT_OBJC_ISA_USAGE = YES_ERROR;
				CLANG_WARN_DOCUMENTATION_COMMENTS = YES;
				CLANG_WARN_EMPTY_BODY = YES;
				CLANG_WARN_ENUM_CONVERSION = YES;
				CLANG_WARN_INFINITE_RECURSION = YES;
				CLANG_WARN_INT_CONVERSION = YES;
				CLANG_WARN_NON_LITERAL_NULL_CONVERSION = YES;
				CLANG_WARN_OBJC_IMPLICIT_RETAIN_SELF = YES;
				CLANG_WARN_OBJC_LITERAL_CONVERSION = YES;
				CLANG_WARN_OBJC_ROOT_CLASS = YES_ERROR;
				CLANG_WARN_RANGE_LOOP_ANALYSIS = YES;
				CLANG_WARN_STRICT_PROTOTYPES = YES;
				CLANG_WARN_SUSPICIOUS_MOVE = YES;
				CLANG_WARN_UNGUARDED_AVAILABILITY = YES_AGGRESSIVE;
				CLANG_WARN_UNREACHABLE_CODE = YES;
				CLANG_WARN__DUPLICATE_METHOD_MATCH = YES;
				CODE_SIGN_IDENTITY = "iPhone Developer";
				COPY_PHASE_STRIP = NO;
				DEBUG_INFORMATION_FORMAT = dwarf;
				ENABLE_STRICT_OBJC_MSGSEND = YES;
				ENABLE_TESTABILITY = YES;
				GCC_C_LANGUAGE_STANDARD = gnu11;
				GCC_DYNAMIC_NO_PIC = NO;
				GCC_NO_COMMON_BLOCKS = YES;
				GCC_OPTIMIZATION_LEVEL = 0;
				GCC_PREPROCESSOR_DEFINITIONS = (
					"DEBUG=1",
					"$(inherited)",
				);
				GCC_WARN_64_TO_32_BIT_CONVERSION = YES;
				GCC_WARN_ABOUT_RETURN_TYPE = YES_ERROR;
				GCC_WARN_UNDECLARED_SELECTOR = YES;
				GCC_WARN_UNINITIALIZED_AUTOS = YES_AGGRESSIVE;
				GCC_WARN_UNUSED_FUNCTION = YES;
				GCC_WARN_UNUSED_VARIABLE = YES;
				IPHONEOS_DEPLOYMENT_TARGET = 11.4;
				MTL_ENABLE_DEBUG_INFO = YES;
				ONLY_ACTIVE_ARCH = YES;
				SDKROOT = iphoneos;
				SWIFT_ACTIVE_COMPILATION_CONDITIONS = DEBUG;
				SWIFT_OPTIMIZATION_LEVEL = "-Onone";
			};
			name = Debug;
		};
		5458F25D20FE1C0D0018B0F9 /* Release */ = {
			isa = XCBuildConfiguration;
			buildSettings = {
				ALWAYS_SEARCH_USER_PATHS = NO;
				CLANG_ANALYZER_NONNULL = YES;
				CLANG_ANALYZER_NUMBER_OBJECT_CONVERSION = YES_AGGRESSIVE;
				CLANG_CXX_LANGUAGE_STANDARD = "gnu++14";
				CLANG_CXX_LIBRARY = "libc++";
				CLANG_ENABLE_MODULES = YES;
				CLANG_ENABLE_OBJC_ARC = YES;
				CLANG_ENABLE_OBJC_WEAK = YES;
				CLANG_WARN_BLOCK_CAPTURE_AUTORELEASING = YES;
				CLANG_WARN_BOOL_CONVERSION = YES;
				CLANG_WARN_COMMA = YES;
				CLANG_WARN_CONSTANT_CONVERSION = YES;
				CLANG_WARN_DEPRECATED_OBJC_IMPLEMENTATIONS = YES;
				CLANG_WARN_DIRECT_OBJC_ISA_USAGE = YES_ERROR;
				CLANG_WARN_DOCUMENTATION_COMMENTS = YES;
				CLANG_WARN_EMPTY_BODY = YES;
				CLANG_WARN_ENUM_CONVERSION = YES;
				CLANG_WARN_INFINITE_RECURSION = YES;
				CLANG_WARN_INT_CONVERSION = YES;
				CLANG_WARN_NON_LITERAL_NULL_CONVERSION = YES;
				CLANG_WARN_OBJC_IMPLICIT_RETAIN_SELF = YES;
				CLANG_WARN_OBJC_LITERAL_CONVERSION = YES;
				CLANG_WARN_OBJC_ROOT_CLASS = YES_ERROR;
				CLANG_WARN_RANGE_LOOP_ANALYSIS = YES;
				CLANG_WARN_STRICT_PROTOTYPES = YES;
				CLANG_WARN_SUSPICIOUS_MOVE = YES;
				CLANG_WARN_UNGUARDED_AVAILABILITY = YES_AGGRESSIVE;
				CLANG_WARN_UNREACHABLE_CODE = YES;
				CLANG_WARN__DUPLICATE_METHOD_MATCH = YES;
				CODE_SIGN_IDENTITY = "iPhone Developer";
				COPY_PHASE_STRIP = NO;
				DEBUG_INFORMATION_FORMAT = "dwarf-with-dsym";
				ENABLE_NS_ASSERTIONS = NO;
				ENABLE_STRICT_OBJC_MSGSEND = YES;
				GCC_C_LANGUAGE_STANDARD = gnu11;
				GCC_NO_COMMON_BLOCKS = YES;
				GCC_WARN_64_TO_32_BIT_CONVERSION = YES;
				GCC_WARN_ABOUT_RETURN_TYPE = YES_ERROR;
				GCC_WARN_UNDECLARED_SELECTOR = YES;
				GCC_WARN_UNINITIALIZED_AUTOS = YES_AGGRESSIVE;
				GCC_WARN_UNUSED_FUNCTION = YES;
				GCC_WARN_UNUSED_VARIABLE = YES;
				IPHONEOS_DEPLOYMENT_TARGET = 11.4;
				MTL_ENABLE_DEBUG_INFO = NO;
				SDKROOT = iphoneos;
				SWIFT_COMPILATION_MODE = wholemodule;
				SWIFT_OPTIMIZATION_LEVEL = "-O";
				VALIDATE_PRODUCT = YES;
			};
			name = Release;
		};
		5458F25F20FE1C0D0018B0F9 /* Debug */ = {
			isa = XCBuildConfiguration;
			buildSettings = {
				ASSETCATALOG_COMPILER_APPICON_NAME = AppIcon;
				CODE_SIGN_STYLE = Automatic;
				DEVELOPMENT_TEAM = WKLSR5W356;
				INFOPLIST_FILE = "iComicBooks/Supporting Files/Info.plist";
				LD_RUNPATH_SEARCH_PATHS = (
					"$(inherited)",
					"@executable_path/Frameworks",
				);
				PRODUCT_BUNDLE_IDENTIFIER = janesv.iComicBooks;
				PRODUCT_NAME = "$(TARGET_NAME)";
				SWIFT_VERSION = 4.0;
				TARGETED_DEVICE_FAMILY = 1;
			};
			name = Debug;
		};
		5458F26020FE1C0D0018B0F9 /* Release */ = {
			isa = XCBuildConfiguration;
			buildSettings = {
				ASSETCATALOG_COMPILER_APPICON_NAME = AppIcon;
				CODE_SIGN_STYLE = Automatic;
				DEVELOPMENT_TEAM = WKLSR5W356;
				INFOPLIST_FILE = "iComicBooks/Supporting Files/Info.plist";
				LD_RUNPATH_SEARCH_PATHS = (
					"$(inherited)",
					"@executable_path/Frameworks",
				);
				PRODUCT_BUNDLE_IDENTIFIER = janesv.iComicBooks;
				PRODUCT_NAME = "$(TARGET_NAME)";
				SWIFT_VERSION = 4.0;
				TARGETED_DEVICE_FAMILY = 1;
			};
			name = Release;
		};
/* End XCBuildConfiguration section */

/* Begin XCConfigurationList section */
		5458F24720FE1C0B0018B0F9 /* Build configuration list for PBXProject "iComicBooks" */ = {
			isa = XCConfigurationList;
			buildConfigurations = (
				5458F25C20FE1C0D0018B0F9 /* Debug */,
				5458F25D20FE1C0D0018B0F9 /* Release */,
			);
			defaultConfigurationIsVisible = 0;
			defaultConfigurationName = Release;
		};
		5458F25E20FE1C0D0018B0F9 /* Build configuration list for PBXNativeTarget "iComicBooks" */ = {
			isa = XCConfigurationList;
			buildConfigurations = (
				5458F25F20FE1C0D0018B0F9 /* Debug */,
				5458F26020FE1C0D0018B0F9 /* Release */,
			);
			defaultConfigurationIsVisible = 0;
			defaultConfigurationName = Release;
		};
/* End XCConfigurationList section */
	};
	rootObject = 5458F24420FE1C0B0018B0F9 /* Project object */;
}
